// !$*UTF8*$!
{
	archiveVersion = 1;
	classes = {
	};
	objectVersion = 50;
	objects = {

/* Begin PBXBuildFile section */
		3C0CB260D0D89BD49884C7A9 /* Pods_CoxAuto.framework in Frameworks */ = {isa = PBXBuildFile; fileRef = 4482D4180E2BF87256DE9D5B /* Pods_CoxAuto.framework */; };
		5D2FE5AC23F29C3100E0CC46 /* AppDelegate.swift in Sources */ = {isa = PBXBuildFile; fileRef = 5D2FE5AB23F29C3100E0CC46 /* AppDelegate.swift */; };
		5D2FE5AE23F29C3100E0CC46 /* SceneDelegate.swift in Sources */ = {isa = PBXBuildFile; fileRef = 5D2FE5AD23F29C3100E0CC46 /* SceneDelegate.swift */; };
		5D2FE5B023F29C3100E0CC46 /* ViewController.swift in Sources */ = {isa = PBXBuildFile; fileRef = 5D2FE5AF23F29C3100E0CC46 /* ViewController.swift */; };
		5D2FE5B323F29C3100E0CC46 /* Main.storyboard in Resources */ = {isa = PBXBuildFile; fileRef = 5D2FE5B123F29C3100E0CC46 /* Main.storyboard */; };
		5D2FE5B623F29C3100E0CC46 /* CoxAuto.xcdatamodeld in Sources */ = {isa = PBXBuildFile; fileRef = 5D2FE5B423F29C3100E0CC46 /* CoxAuto.xcdatamodeld */; };
		5D2FE5B823F29C3400E0CC46 /* Assets.xcassets in Resources */ = {isa = PBXBuildFile; fileRef = 5D2FE5B723F29C3400E0CC46 /* Assets.xcassets */; };
		5D2FE5BB23F29C3400E0CC46 /* LaunchScreen.storyboard in Resources */ = {isa = PBXBuildFile; fileRef = 5D2FE5B923F29C3400E0CC46 /* LaunchScreen.storyboard */; };
		5D2FE5C623F29C3400E0CC46 /* CoxAutoTests.swift in Sources */ = {isa = PBXBuildFile; fileRef = 5D2FE5C523F29C3400E0CC46 /* CoxAutoTests.swift */; };
		5D2FE5D123F29C3400E0CC46 /* CoxAutoUITests.swift in Sources */ = {isa = PBXBuildFile; fileRef = 5D2FE5D023F29C3400E0CC46 /* CoxAutoUITests.swift */; };
		AD953F97A9319B8215E5AD5B /* Pods_CoxAutoUITests.framework in Frameworks */ = {isa = PBXBuildFile; fileRef = FA9C0F50BEECC981C654BD94 /* Pods_CoxAutoUITests.framework */; };
		B69822B0A806980B5C766C43 /* Pods_CoxAutoTests.framework in Frameworks */ = {isa = PBXBuildFile; fileRef = 72CED711106B209754976C1E /* Pods_CoxAutoTests.framework */; };
/* End PBXBuildFile section */

/* Begin PBXContainerItemProxy section */
		5D2FE5C223F29C3400E0CC46 /* PBXContainerItemProxy */ = {
			isa = PBXContainerItemProxy;
			containerPortal = 5D2FE5A023F29C3100E0CC46 /* Project object */;
			proxyType = 1;
			remoteGlobalIDString = 5D2FE5A723F29C3100E0CC46;
			remoteInfo = CoxAuto;
		};
		5D2FE5CD23F29C3400E0CC46 /* PBXContainerItemProxy */ = {
			isa = PBXContainerItemProxy;
			containerPortal = 5D2FE5A023F29C3100E0CC46 /* Project object */;
			proxyType = 1;
			remoteGlobalIDString = 5D2FE5A723F29C3100E0CC46;
			remoteInfo = CoxAuto;
		};
/* End PBXContainerItemProxy section */

/* Begin PBXFileReference section */
		16FCE3DE648828C1D822FD00 /* Pods-CoxAutoTests.debug.xcconfig */ = {isa = PBXFileReference; includeInIndex = 1; lastKnownFileType = text.xcconfig; name = "Pods-CoxAutoTests.debug.xcconfig"; path = "Pods/Target Support Files/Pods-CoxAutoTests/Pods-CoxAutoTests.debug.xcconfig"; sourceTree = "<group>"; };
		27E06A225BE68D456CDED303 /* Pods-CoxAutoUITests.release.xcconfig */ = {isa = PBXFileReference; includeInIndex = 1; lastKnownFileType = text.xcconfig; name = "Pods-CoxAutoUITests.release.xcconfig"; path = "Pods/Target Support Files/Pods-CoxAutoUITests/Pods-CoxAutoUITests.release.xcconfig"; sourceTree = "<group>"; };
		4482D4180E2BF87256DE9D5B /* Pods_CoxAuto.framework */ = {isa = PBXFileReference; explicitFileType = wrapper.framework; includeInIndex = 0; path = Pods_CoxAuto.framework; sourceTree = BUILT_PRODUCTS_DIR; };
		5D2FE5A823F29C3100E0CC46 /* CoxAuto.app */ = {isa = PBXFileReference; explicitFileType = wrapper.application; includeInIndex = 0; path = CoxAuto.app; sourceTree = BUILT_PRODUCTS_DIR; };
		5D2FE5AB23F29C3100E0CC46 /* AppDelegate.swift */ = {isa = PBXFileReference; lastKnownFileType = sourcecode.swift; path = AppDelegate.swift; sourceTree = "<group>"; };
		5D2FE5AD23F29C3100E0CC46 /* SceneDelegate.swift */ = {isa = PBXFileReference; lastKnownFileType = sourcecode.swift; path = SceneDelegate.swift; sourceTree = "<group>"; };
		5D2FE5AF23F29C3100E0CC46 /* ViewController.swift */ = {isa = PBXFileReference; lastKnownFileType = sourcecode.swift; path = ViewController.swift; sourceTree = "<group>"; };
		5D2FE5B223F29C3100E0CC46 /* Base */ = {isa = PBXFileReference; lastKnownFileType = file.storyboard; name = Base; path = Base.lproj/Main.storyboard; sourceTree = "<group>"; };
		5D2FE5B523F29C3100E0CC46 /* CoxAuto.xcdatamodel */ = {isa = PBXFileReference; lastKnownFileType = wrapper.xcdatamodel; path = CoxAuto.xcdatamodel; sourceTree = "<group>"; };
		5D2FE5B723F29C3400E0CC46 /* Assets.xcassets */ = {isa = PBXFileReference; lastKnownFileType = folder.assetcatalog; path = Assets.xcassets; sourceTree = "<group>"; };
		5D2FE5BA23F29C3400E0CC46 /* Base */ = {isa = PBXFileReference; lastKnownFileType = file.storyboard; name = Base; path = Base.lproj/LaunchScreen.storyboard; sourceTree = "<group>"; };
		5D2FE5BC23F29C3400E0CC46 /* Info.plist */ = {isa = PBXFileReference; lastKnownFileType = text.plist.xml; path = Info.plist; sourceTree = "<group>"; };
		5D2FE5C123F29C3400E0CC46 /* CoxAutoTests.xctest */ = {isa = PBXFileReference; explicitFileType = wrapper.cfbundle; includeInIndex = 0; path = CoxAutoTests.xctest; sourceTree = BUILT_PRODUCTS_DIR; };
		5D2FE5C523F29C3400E0CC46 /* CoxAutoTests.swift */ = {isa = PBXFileReference; lastKnownFileType = sourcecode.swift; path = CoxAutoTests.swift; sourceTree = "<group>"; };
		5D2FE5C723F29C3400E0CC46 /* Info.plist */ = {isa = PBXFileReference; lastKnownFileType = text.plist.xml; path = Info.plist; sourceTree = "<group>"; };
		5D2FE5CC23F29C3400E0CC46 /* CoxAutoUITests.xctest */ = {isa = PBXFileReference; explicitFileType = wrapper.cfbundle; includeInIndex = 0; path = CoxAutoUITests.xctest; sourceTree = BUILT_PRODUCTS_DIR; };
		5D2FE5D023F29C3400E0CC46 /* CoxAutoUITests.swift */ = {isa = PBXFileReference; lastKnownFileType = sourcecode.swift; path = CoxAutoUITests.swift; sourceTree = "<group>"; };
		5D2FE5D223F29C3400E0CC46 /* Info.plist */ = {isa = PBXFileReference; lastKnownFileType = text.plist.xml; path = Info.plist; sourceTree = "<group>"; };
		72CED711106B209754976C1E /* Pods_CoxAutoTests.framework */ = {isa = PBXFileReference; explicitFileType = wrapper.framework; includeInIndex = 0; path = Pods_CoxAutoTests.framework; sourceTree = BUILT_PRODUCTS_DIR; };
		7E4375ED5A2812A6F1E4D555 /* Pods-CoxAutoUITests.debug.xcconfig */ = {isa = PBXFileReference; includeInIndex = 1; lastKnownFileType = text.xcconfig; name = "Pods-CoxAutoUITests.debug.xcconfig"; path = "Pods/Target Support Files/Pods-CoxAutoUITests/Pods-CoxAutoUITests.debug.xcconfig"; sourceTree = "<group>"; };
		AFFED08B1380D196011ACB98 /* Pods-CoxAuto.release.xcconfig */ = {isa = PBXFileReference; includeInIndex = 1; lastKnownFileType = text.xcconfig; name = "Pods-CoxAuto.release.xcconfig"; path = "Pods/Target Support Files/Pods-CoxAuto/Pods-CoxAuto.release.xcconfig"; sourceTree = "<group>"; };
		CE9EB4C184CFB8E68FBCAB4B /* Pods-CoxAuto.debug.xcconfig */ = {isa = PBXFileReference; includeInIndex = 1; lastKnownFileType = text.xcconfig; name = "Pods-CoxAuto.debug.xcconfig"; path = "Pods/Target Support Files/Pods-CoxAuto/Pods-CoxAuto.debug.xcconfig"; sourceTree = "<group>"; };
		E56B76EC4A47342AF817F058 /* Pods-CoxAutoTests.release.xcconfig */ = {isa = PBXFileReference; includeInIndex = 1; lastKnownFileType = text.xcconfig; name = "Pods-CoxAutoTests.release.xcconfig"; path = "Pods/Target Support Files/Pods-CoxAutoTests/Pods-CoxAutoTests.release.xcconfig"; sourceTree = "<group>"; };
		FA9C0F50BEECC981C654BD94 /* Pods_CoxAutoUITests.framework */ = {isa = PBXFileReference; explicitFileType = wrapper.framework; includeInIndex = 0; path = Pods_CoxAutoUITests.framework; sourceTree = BUILT_PRODUCTS_DIR; };
/* End PBXFileReference section */

/* Begin PBXFrameworksBuildPhase section */
		5D2FE5A523F29C3100E0CC46 /* Frameworks */ = {
			isa = PBXFrameworksBuildPhase;
			buildActionMask = 2147483647;
			files = (
				3C0CB260D0D89BD49884C7A9 /* Pods_CoxAuto.framework in Frameworks */,
			);
			runOnlyForDeploymentPostprocessing = 0;
		};
		5D2FE5BE23F29C3400E0CC46 /* Frameworks */ = {
			isa = PBXFrameworksBuildPhase;
			buildActionMask = 2147483647;
			files = (
				B69822B0A806980B5C766C43 /* Pods_CoxAutoTests.framework in Frameworks */,
			);
			runOnlyForDeploymentPostprocessing = 0;
		};
		5D2FE5C923F29C3400E0CC46 /* Frameworks */ = {
			isa = PBXFrameworksBuildPhase;
			buildActionMask = 2147483647;
			files = (
				AD953F97A9319B8215E5AD5B /* Pods_CoxAutoUITests.framework in Frameworks */,
			);
			runOnlyForDeploymentPostprocessing = 0;
		};
/* End PBXFrameworksBuildPhase section */

/* Begin PBXGroup section */
		2CAA251DC326A27CB771DB45 /* Pods */ = {
			isa = PBXGroup;
			children = (
				CE9EB4C184CFB8E68FBCAB4B /* Pods-CoxAuto.debug.xcconfig */,
				AFFED08B1380D196011ACB98 /* Pods-CoxAuto.release.xcconfig */,
				16FCE3DE648828C1D822FD00 /* Pods-CoxAutoTests.debug.xcconfig */,
				E56B76EC4A47342AF817F058 /* Pods-CoxAutoTests.release.xcconfig */,
				7E4375ED5A2812A6F1E4D555 /* Pods-CoxAutoUITests.debug.xcconfig */,
				27E06A225BE68D456CDED303 /* Pods-CoxAutoUITests.release.xcconfig */,
			);
			name = Pods;
			sourceTree = "<group>";
		};
		5D2FE59F23F29C3100E0CC46 = {
			isa = PBXGroup;
			children = (
				5D2FE5AA23F29C3100E0CC46 /* CoxAuto */,
				5D2FE5C423F29C3400E0CC46 /* CoxAutoTests */,
				5D2FE5CF23F29C3400E0CC46 /* CoxAutoUITests */,
				5D2FE5A923F29C3100E0CC46 /* Products */,
				2CAA251DC326A27CB771DB45 /* Pods */,
				89924452810F58813CC602B0 /* Frameworks */,
			);
			sourceTree = "<group>";
		};
		5D2FE5A923F29C3100E0CC46 /* Products */ = {
			isa = PBXGroup;
			children = (
				5D2FE5A823F29C3100E0CC46 /* CoxAuto.app */,
				5D2FE5C123F29C3400E0CC46 /* CoxAutoTests.xctest */,
				5D2FE5CC23F29C3400E0CC46 /* CoxAutoUITests.xctest */,
			);
			name = Products;
			sourceTree = "<group>";
		};
		5D2FE5AA23F29C3100E0CC46 /* CoxAuto */ = {
			isa = PBXGroup;
			children = (
				5D2FE5AB23F29C3100E0CC46 /* AppDelegate.swift */,
				5D2FE5AD23F29C3100E0CC46 /* SceneDelegate.swift */,
				5D2FE5AF23F29C3100E0CC46 /* ViewController.swift */,
				5D2FE5B123F29C3100E0CC46 /* Main.storyboard */,
				5D2FE5B723F29C3400E0CC46 /* Assets.xcassets */,
				5D2FE5B923F29C3400E0CC46 /* LaunchScreen.storyboard */,
				5D2FE5BC23F29C3400E0CC46 /* Info.plist */,
				5D2FE5B423F29C3100E0CC46 /* CoxAuto.xcdatamodeld */,
			);
			path = CoxAuto;
			sourceTree = "<group>";
		};
		5D2FE5C423F29C3400E0CC46 /* CoxAutoTests */ = {
			isa = PBXGroup;
			children = (
				5D2FE5C523F29C3400E0CC46 /* CoxAutoTests.swift */,
				5D2FE5C723F29C3400E0CC46 /* Info.plist */,
			);
			path = CoxAutoTests;
			sourceTree = "<group>";
		};
		5D2FE5CF23F29C3400E0CC46 /* CoxAutoUITests */ = {
			isa = PBXGroup;
			children = (
				5D2FE5D023F29C3400E0CC46 /* CoxAutoUITests.swift */,
				5D2FE5D223F29C3400E0CC46 /* Info.plist */,
			);
			path = CoxAutoUITests;
			sourceTree = "<group>";
		};
		89924452810F58813CC602B0 /* Frameworks */ = {
			isa = PBXGroup;
			children = (
				4482D4180E2BF87256DE9D5B /* Pods_CoxAuto.framework */,
				72CED711106B209754976C1E /* Pods_CoxAutoTests.framework */,
				FA9C0F50BEECC981C654BD94 /* Pods_CoxAutoUITests.framework */,
			);
			name = Frameworks;
			sourceTree = "<group>";
		};
/* End PBXGroup section */

/* Begin PBXNativeTarget section */
		5D2FE5A723F29C3100E0CC46 /* CoxAuto */ = {
			isa = PBXNativeTarget;
			buildConfigurationList = 5D2FE5D523F29C3400E0CC46 /* Build configuration list for PBXNativeTarget "CoxAuto" */;
			buildPhases = (
				FF68D9226C06C0E8E8A3300B /* [CP] Check Pods Manifest.lock */,
				5D2FE5A423F29C3100E0CC46 /* Sources */,
				5D2FE5A523F29C3100E0CC46 /* Frameworks */,
				5D2FE5A623F29C3100E0CC46 /* Resources */,
			);
			buildRules = (
			);
			dependencies = (
			);
			name = CoxAuto;
			productName = CoxAuto;
			productReference = 5D2FE5A823F29C3100E0CC46 /* CoxAuto.app */;
			productType = "com.apple.product-type.application";
		};
		5D2FE5C023F29C3400E0CC46 /* CoxAutoTests */ = {
			isa = PBXNativeTarget;
			buildConfigurationList = 5D2FE5D823F29C3400E0CC46 /* Build configuration list for PBXNativeTarget "CoxAutoTests" */;
			buildPhases = (
				CA52E9A4EDAD8753939C5F59 /* [CP] Check Pods Manifest.lock */,
				5D2FE5BD23F29C3400E0CC46 /* Sources */,
				5D2FE5BE23F29C3400E0CC46 /* Frameworks */,
				5D2FE5BF23F29C3400E0CC46 /* Resources */,
			);
			buildRules = (
			);
			dependencies = (
				5D2FE5C323F29C3400E0CC46 /* PBXTargetDependency */,
			);
			name = CoxAutoTests;
			productName = CoxAutoTests;
			productReference = 5D2FE5C123F29C3400E0CC46 /* CoxAutoTests.xctest */;
			productType = "com.apple.product-type.bundle.unit-test";
		};
		5D2FE5CB23F29C3400E0CC46 /* CoxAutoUITests */ = {
			isa = PBXNativeTarget;
			buildConfigurationList = 5D2FE5DB23F29C3400E0CC46 /* Build configuration list for PBXNativeTarget "CoxAutoUITests" */;
			buildPhases = (
				333C1F9AF803435C13CC616F /* [CP] Check Pods Manifest.lock */,
				5D2FE5C823F29C3400E0CC46 /* Sources */,
				5D2FE5C923F29C3400E0CC46 /* Frameworks */,
				5D2FE5CA23F29C3400E0CC46 /* Resources */,
			);
			buildRules = (
			);
			dependencies = (
				5D2FE5CE23F29C3400E0CC46 /* PBXTargetDependency */,
			);
			name = CoxAutoUITests;
			productName = CoxAutoUITests;
			productReference = 5D2FE5CC23F29C3400E0CC46 /* CoxAutoUITests.xctest */;
			productType = "com.apple.product-type.bundle.ui-testing";
		};
/* End PBXNativeTarget section */

/* Begin PBXProject section */
		5D2FE5A023F29C3100E0CC46 /* Project object */ = {
			isa = PBXProject;
			attributes = {
				LastSwiftUpdateCheck = 1120;
				LastUpgradeCheck = 1120;
				ORGANIZATIONNAME = "Mihai Chis";
				TargetAttributes = {
					5D2FE5A723F29C3100E0CC46 = {
						CreatedOnToolsVersion = 11.2.1;
					};
					5D2FE5C023F29C3400E0CC46 = {
						CreatedOnToolsVersion = 11.2.1;
						TestTargetID = 5D2FE5A723F29C3100E0CC46;
					};
					5D2FE5CB23F29C3400E0CC46 = {
						CreatedOnToolsVersion = 11.2.1;
						TestTargetID = 5D2FE5A723F29C3100E0CC46;
					};
				};
			};
			buildConfigurationList = 5D2FE5A323F29C3100E0CC46 /* Build configuration list for PBXProject "CoxAuto" */;
			compatibilityVersion = "Xcode 9.3";
			developmentRegion = en;
			hasScannedForEncodings = 0;
			knownRegions = (
				en,
				Base,
			);
			mainGroup = 5D2FE59F23F29C3100E0CC46;
			productRefGroup = 5D2FE5A923F29C3100E0CC46 /* Products */;
			projectDirPath = "";
			projectRoot = "";
			targets = (
				5D2FE5A723F29C3100E0CC46 /* CoxAuto */,
				5D2FE5C023F29C3400E0CC46 /* CoxAutoTests */,
				5D2FE5CB23F29C3400E0CC46 /* CoxAutoUITests */,
			);
		};
/* End PBXProject section */

/* Begin PBXResourcesBuildPhase section */
		5D2FE5A623F29C3100E0CC46 /* Resources */ = {
			isa = PBXResourcesBuildPhase;
			buildActionMask = 2147483647;
			files = (
				5D2FE5BB23F29C3400E0CC46 /* LaunchScreen.storyboard in Resources */,
				5D2FE5B823F29C3400E0CC46 /* Assets.xcassets in Resources */,
				5D2FE5B323F29C3100E0CC46 /* Main.storyboard in Resources */,
			);
			runOnlyForDeploymentPostprocessing = 0;
		};
		5D2FE5BF23F29C3400E0CC46 /* Resources */ = {
			isa = PBXResourcesBuildPhase;
			buildActionMask = 2147483647;
			files = (
			);
			runOnlyForDeploymentPostprocessing = 0;
		};
		5D2FE5CA23F29C3400E0CC46 /* Resources */ = {
			isa = PBXResourcesBuildPhase;
			buildActionMask = 2147483647;
			files = (
			);
			runOnlyForDeploymentPostprocessing = 0;
		};
/* End PBXResourcesBuildPhase section */

/* Begin PBXShellScriptBuildPhase section */
		333C1F9AF803435C13CC616F /* [CP] Check Pods Manifest.lock */ = {
			isa = PBXShellScriptBuildPhase;
			buildActionMask = 2147483647;
			files = (
			);
			inputFileListPaths = (
			);
			inputPaths = (
				"${PODS_PODFILE_DIR_PATH}/Podfile.lock",
				"${PODS_ROOT}/Manifest.lock",
			);
			name = "[CP] Check Pods Manifest.lock";
			outputFileListPaths = (
			);
			outputPaths = (
				"$(DERIVED_FILE_DIR)/Pods-CoxAutoUITests-checkManifestLockResult.txt",
			);
			runOnlyForDeploymentPostprocessing = 0;
			shellPath = /bin/sh;
			shellScript = "diff \"${PODS_PODFILE_DIR_PATH}/Podfile.lock\" \"${PODS_ROOT}/Manifest.lock\" > /dev/null\nif [ $? != 0 ] ; then\n    # print error to STDERR\n    echo \"error: The sandbox is not in sync with the Podfile.lock. Run 'pod install' or update your CocoaPods installation.\" >&2\n    exit 1\nfi\n# This output is used by Xcode 'outputs' to avoid re-running this script phase.\necho \"SUCCESS\" > \"${SCRIPT_OUTPUT_FILE_0}\"\n";
			showEnvVarsInLog = 0;
		};
		CA52E9A4EDAD8753939C5F59 /* [CP] Check Pods Manifest.lock */ = {
			isa = PBXShellScriptBuildPhase;
			buildActionMask = 2147483647;
			files = (
			);
			inputFileListPaths = (
			);
			inputPaths = (
				"${PODS_PODFILE_DIR_PATH}/Podfile.lock",
				"${PODS_ROOT}/Manifest.lock",
			);
			name = "[CP] Check Pods Manifest.lock";
			outputFileListPaths = (
			);
			outputPaths = (
				"$(DERIVED_FILE_DIR)/Pods-CoxAutoTests-checkManifestLockResult.txt",
			);
			runOnlyForDeploymentPostprocessing = 0;
			shellPath = /bin/sh;
			shellScript = "diff \"${PODS_PODFILE_DIR_PATH}/Podfile.lock\" \"${PODS_ROOT}/Manifest.lock\" > /dev/null\nif [ $? != 0 ] ; then\n    # print error to STDERR\n    echo \"error: The sandbox is not in sync with the Podfile.lock. Run 'pod install' or update your CocoaPods installation.\" >&2\n    exit 1\nfi\n# This output is used by Xcode 'outputs' to avoid re-running this script phase.\necho \"SUCCESS\" > \"${SCRIPT_OUTPUT_FILE_0}\"\n";
			showEnvVarsInLog = 0;
		};
		FF68D9226C06C0E8E8A3300B /* [CP] Check Pods Manifest.lock */ = {
			isa = PBXShellScriptBuildPhase;
			buildActionMask = 2147483647;
			files = (
			);
			inputFileListPaths = (
			);
			inputPaths = (
				"${PODS_PODFILE_DIR_PATH}/Podfile.lock",
				"${PODS_ROOT}/Manifest.lock",
			);
			name = "[CP] Check Pods Manifest.lock";
			outputFileListPaths = (
			);
			outputPaths = (
				"$(DERIVED_FILE_DIR)/Pods-CoxAuto-checkManifestLockResult.txt",
			);
			runOnlyForDeploymentPostprocessing = 0;
			shellPath = /bin/sh;
			shellScript = "diff \"${PODS_PODFILE_DIR_PATH}/Podfile.lock\" \"${PODS_ROOT}/Manifest.lock\" > /dev/null\nif [ $? != 0 ] ; then\n    # print error to STDERR\n    echo \"error: The sandbox is not in sync with the Podfile.lock. Run 'pod install' or update your CocoaPods installation.\" >&2\n    exit 1\nfi\n# This output is used by Xcode 'outputs' to avoid re-running this script phase.\necho \"SUCCESS\" > \"${SCRIPT_OUTPUT_FILE_0}\"\n";
			showEnvVarsInLog = 0;
		};
/* End PBXShellScriptBuildPhase section */

/* Begin PBXSourcesBuildPhase section */
		5D2FE5A423F29C3100E0CC46 /* Sources */ = {
			isa = PBXSourcesBuildPhase;
			buildActionMask = 2147483647;
			files = (
				5D2FE5B023F29C3100E0CC46 /* ViewController.swift in Sources */,
				5D2FE5AC23F29C3100E0CC46 /* AppDelegate.swift in Sources */,
				5D2FE5AE23F29C3100E0CC46 /* SceneDelegate.swift in Sources */,
				5D2FE5B623F29C3100E0CC46 /* CoxAuto.xcdatamodeld in Sources */,
			);
			runOnlyForDeploymentPostprocessing = 0;
		};
		5D2FE5BD23F29C3400E0CC46 /* Sources */ = {
			isa = PBXSourcesBuildPhase;
			buildActionMask = 2147483647;
			files = (
				5D2FE5C623F29C3400E0CC46 /* CoxAutoTests.swift in Sources */,
			);
			runOnlyForDeploymentPostprocessing = 0;
		};
		5D2FE5C823F29C3400E0CC46 /* Sources */ = {
			isa = PBXSourcesBuildPhase;
			buildActionMask = 2147483647;
			files = (
				5D2FE5D123F29C3400E0CC46 /* CoxAutoUITests.swift in Sources */,
			);
			runOnlyForDeploymentPostprocessing = 0;
		};
/* End PBXSourcesBuildPhase section */

/* Begin PBXTargetDependency section */
		5D2FE5C323F29C3400E0CC46 /* PBXTargetDependency */ = {
			isa = PBXTargetDependency;
			target = 5D2FE5A723F29C3100E0CC46 /* CoxAuto */;
			targetProxy = 5D2FE5C223F29C3400E0CC46 /* PBXContainerItemProxy */;
		};
		5D2FE5CE23F29C3400E0CC46 /* PBXTargetDependency */ = {
			isa = PBXTargetDependency;
			target = 5D2FE5A723F29C3100E0CC46 /* CoxAuto */;
			targetProxy = 5D2FE5CD23F29C3400E0CC46 /* PBXContainerItemProxy */;
		};
/* End PBXTargetDependency section */

/* Begin PBXVariantGroup section */
		5D2FE5B123F29C3100E0CC46 /* Main.storyboard */ = {
			isa = PBXVariantGroup;
			children = (
				5D2FE5B223F29C3100E0CC46 /* Base */,
			);
			name = Main.storyboard;
			sourceTree = "<group>";
		};
		5D2FE5B923F29C3400E0CC46 /* LaunchScreen.storyboard */ = {
			isa = PBXVariantGroup;
			children = (
				5D2FE5BA23F29C3400E0CC46 /* Base */,
			);
			name = LaunchScreen.storyboard;
			sourceTree = "<group>";
		};
/* End PBXVariantGroup section */

/* Begin XCBuildConfiguration section */
		5D2FE5D323F29C3400E0CC46 /* Debug */ = {
			isa = XCBuildConfiguration;
			buildSettings = {
				ALWAYS_SEARCH_USER_PATHS = NO;
				CLANG_ANALYZER_NONNULL = YES;
				CLANG_ANALYZER_NUMBER_OBJECT_CONVERSION = YES_AGGRESSIVE;
				CLANG_CXX_LANGUAGE_STANDARD = "gnu++14";
				CLANG_CXX_LIBRARY = "libc++";
				CLANG_ENABLE_MODULES = YES;
				CLANG_ENABLE_OBJC_ARC = YES;
				CLANG_ENABLE_OBJC_WEAK = YES;
				CLANG_WARN_BLOCK_CAPTURE_AUTORELEASING = YES;
				CLANG_WARN_BOOL_CONVERSION = YES;
				CLANG_WARN_COMMA = YES;
				CLANG_WARN_CONSTANT_CONVERSION = YES;
				CLANG_WARN_DEPRECATED_OBJC_IMPLEMENTATIONS = YES;
				CLANG_WARN_DIRECT_OBJC_ISA_USAGE = YES_ERROR;
				CLANG_WARN_DOCUMENTATION_COMMENTS = YES;
				CLANG_WARN_EMPTY_BODY = YES;
				CLANG_WARN_ENUM_CONVERSION = YES;
				CLANG_WARN_INFINITE_RECURSION = YES;
				CLANG_WARN_INT_CONVERSION = YES;
				CLANG_WARN_NON_LITERAL_NULL_CONVERSION = YES;
				CLANG_WARN_OBJC_IMPLICIT_RETAIN_SELF = YES;
				CLANG_WARN_OBJC_LITERAL_CONVERSION = YES;
				CLANG_WARN_OBJC_ROOT_CLASS = YES_ERROR;
				CLANG_WARN_RANGE_LOOP_ANALYSIS = YES;
				CLANG_WARN_STRICT_PROTOTYPES = YES;
				CLANG_WARN_SUSPICIOUS_MOVE = YES;
				CLANG_WARN_UNGUARDED_AVAILABILITY = YES_AGGRESSIVE;
				CLANG_WARN_UNREACHABLE_CODE = YES;
				CLANG_WARN__DUPLICATE_METHOD_MATCH = YES;
				COPY_PHASE_STRIP = NO;
				DEBUG_INFORMATION_FORMAT = dwarf;
				ENABLE_STRICT_OBJC_MSGSEND = YES;
				ENABLE_TESTABILITY = YES;
				GCC_C_LANGUAGE_STANDARD = gnu11;
				GCC_DYNAMIC_NO_PIC = NO;
				GCC_NO_COMMON_BLOCKS = YES;
				GCC_OPTIMIZATION_LEVEL = 0;
				GCC_PREPROCESSOR_DEFINITIONS = (
					"DEBUG=1",
					"$(inherited)",
				);
				GCC_WARN_64_TO_32_BIT_CONVERSION = YES;
				GCC_WARN_ABOUT_RETURN_TYPE = YES_ERROR;
				GCC_WARN_UNDECLARED_SELECTOR = YES;
				GCC_WARN_UNINITIALIZED_AUTOS = YES_AGGRESSIVE;
				GCC_WARN_UNUSED_FUNCTION = YES;
				GCC_WARN_UNUSED_VARIABLE = YES;
				IPHONEOS_DEPLOYMENT_TARGET = 12.0;
				MTL_ENABLE_DEBUG_INFO = INCLUDE_SOURCE;
				MTL_FAST_MATH = YES;
				ONLY_ACTIVE_ARCH = YES;
				SDKROOT = iphoneos;
				SWIFT_ACTIVE_COMPILATION_CONDITIONS = DEBUG;
				SWIFT_OPTIMIZATION_LEVEL = "-Onone";
			};
			name = Debug;
		};
		5D2FE5D423F29C3400E0CC46 /* Release */ = {
			isa = XCBuildConfiguration;
			buildSettings = {
				ALWAYS_SEARCH_USER_PATHS = NO;
				CLANG_ANALYZER_NONNULL = YES;
				CLANG_ANALYZER_NUMBER_OBJECT_CONVERSION = YES_AGGRESSIVE;
				CLANG_CXX_LANGUAGE_STANDARD = "gnu++14";
				CLANG_CXX_LIBRARY = "libc++";
				CLANG_ENABLE_MODULES = YES;
				CLANG_ENABLE_OBJC_ARC = YES;
				CLANG_ENABLE_OBJC_WEAK = YES;
				CLANG_WARN_BLOCK_CAPTURE_AUTORELEASING = YES;
				CLANG_WARN_BOOL_CONVERSION = YES;
				CLANG_WARN_COMMA = YES;
				CLANG_WARN_CONSTANT_CONVERSION = YES;
				CLANG_WARN_DEPRECATED_OBJC_IMPLEMENTATIONS = YES;
				CLANG_WARN_DIRECT_OBJC_ISA_USAGE = YES_ERROR;
				CLANG_WARN_DOCUMENTATION_COMMENTS = YES;
				CLANG_WARN_EMPTY_BODY = YES;
				CLANG_WARN_ENUM_CONVERSION = YES;
				CLANG_WARN_INFINITE_RECURSION = YES;
				CLANG_WARN_INT_CONVERSION = YES;
				CLANG_WARN_NON_LITERAL_NULL_CONVERSION = YES;
				CLANG_WARN_OBJC_IMPLICIT_RETAIN_SELF = YES;
				CLANG_WARN_OBJC_LITERAL_CONVERSION = YES;
				CLANG_WARN_OBJC_ROOT_CLASS = YES_ERROR;
				CLANG_WARN_RANGE_LOOP_ANALYSIS = YES;
				CLANG_WARN_STRICT_PROTOTYPES = YES;
				CLANG_WARN_SUSPICIOUS_MOVE = YES;
				CLANG_WARN_UNGUARDED_AVAILABILITY = YES_AGGRESSIVE;
				CLANG_WARN_UNREACHABLE_CODE = YES;
				CLANG_WARN__DUPLICATE_METHOD_MATCH = YES;
				COPY_PHASE_STRIP = NO;
				DEBUG_INFORMATION_FORMAT = "dwarf-with-dsym";
				ENABLE_NS_ASSERTIONS = NO;
				ENABLE_STRICT_OBJC_MSGSEND = YES;
				GCC_C_LANGUAGE_STANDARD = gnu11;
				GCC_NO_COMMON_BLOCKS = YES;
				GCC_WARN_64_TO_32_BIT_CONVERSION = YES;
				GCC_WARN_ABOUT_RETURN_TYPE = YES_ERROR;
				GCC_WARN_UNDECLARED_SELECTOR = YES;
				GCC_WARN_UNINITIALIZED_AUTOS = YES_AGGRESSIVE;
				GCC_WARN_UNUSED_FUNCTION = YES;
				GCC_WARN_UNUSED_VARIABLE = YES;
				IPHONEOS_DEPLOYMENT_TARGET = 12.0;
				MTL_ENABLE_DEBUG_INFO = NO;
				MTL_FAST_MATH = YES;
				SDKROOT = iphoneos;
				SWIFT_COMPILATION_MODE = wholemodule;
				SWIFT_OPTIMIZATION_LEVEL = "-O";
				VALIDATE_PRODUCT = YES;
			};
			name = Release;
		};
		5D2FE5D623F29C3400E0CC46 /* Debug */ = {
			isa = XCBuildConfiguration;
			baseConfigurationReference = CE9EB4C184CFB8E68FBCAB4B /* Pods-CoxAuto.debug.xcconfig */;
			buildSettings = {
				ASSETCATALOG_COMPILER_APPICON_NAME = AppIcon;
				CODE_SIGN_STYLE = Manual;
				DEVELOPMENT_TEAM = "";
				INFOPLIST_FILE = CoxAuto/Info.plist;
				LD_RUNPATH_SEARCH_PATHS = (
					"$(inherited)",
					"@executable_path/Frameworks",
				);
				PRODUCT_BUNDLE_IDENTIFIER = com.3pg.jenkins.CoxAuto;
				PRODUCT_NAME = "$(TARGET_NAME)";
				PROVISIONING_PROFILE_SPECIFIER = "";
				SWIFT_VERSION = 5.0;
				TARGETED_DEVICE_FAMILY = "1,2";
			};
			name = Debug;
		};
		5D2FE5D723F29C3400E0CC46 /* Release */ = {
			isa = XCBuildConfiguration;
			baseConfigurationReference = AFFED08B1380D196011ACB98 /* Pods-CoxAuto.release.xcconfig */;
			buildSettings = {
				ASSETCATALOG_COMPILER_APPICON_NAME = AppIcon;
				CODE_SIGN_STYLE = Manual;
				DEVELOPMENT_TEAM = "";
				INFOPLIST_FILE = CoxAuto/Info.plist;
				LD_RUNPATH_SEARCH_PATHS = (
					"$(inherited)",
					"@executable_path/Frameworks",
				);
				PRODUCT_BUNDLE_IDENTIFIER = com.3pg.jenkins.CoxAuto;
				PRODUCT_NAME = "$(TARGET_NAME)";
				PROVISIONING_PROFILE_SPECIFIER = "";
				SWIFT_VERSION = 5.0;
				TARGETED_DEVICE_FAMILY = "1,2";
			};
			name = Release;
		};
		5D2FE5D923F29C3400E0CC46 /* Debug */ = {
			isa = XCBuildConfiguration;
			baseConfigurationReference = 16FCE3DE648828C1D822FD00 /* Pods-CoxAutoTests.debug.xcconfig */;
			buildSettings = {
				ALWAYS_EMBED_SWIFT_STANDARD_LIBRARIES = YES;
				BUNDLE_LOADER = "$(TEST_HOST)";
				CODE_SIGN_STYLE = Automatic;
				DEVELOPMENT_TEAM = 2WBSPNYNKP;
				INFOPLIST_FILE = CoxAutoTests/Info.plist;
				IPHONEOS_DEPLOYMENT_TARGET = 13.2;
				LD_RUNPATH_SEARCH_PATHS = (
					"$(inherited)",
					"@executable_path/Frameworks",
					"@loader_path/Frameworks",
				);
				PRODUCT_BUNDLE_IDENTIFIER = com.3pg.jenkins.CoxAutoTests;
				PRODUCT_NAME = "$(TARGET_NAME)";
				SWIFT_VERSION = 5.0;
				TARGETED_DEVICE_FAMILY = "1,2";
				TEST_HOST = "$(BUILT_PRODUCTS_DIR)/CoxAuto.app/CoxAuto";
			};
			name = Debug;
		};
		5D2FE5DA23F29C3400E0CC46 /* Release */ = {
			isa = XCBuildConfiguration;
			baseConfigurationReference = E56B76EC4A47342AF817F058 /* Pods-CoxAutoTests.release.xcconfig */;
			buildSettings = {
				ALWAYS_EMBED_SWIFT_STANDARD_LIBRARIES = YES;
				BUNDLE_LOADER = "$(TEST_HOST)";
				CODE_SIGN_STYLE = Automatic;
				DEVELOPMENT_TEAM = 2WBSPNYNKP;
				INFOPLIST_FILE = CoxAutoTests/Info.plist;
				IPHONEOS_DEPLOYMENT_TARGET = 13.2;
				LD_RUNPATH_SEARCH_PATHS = (
					"$(inherited)",
					"@executable_path/Frameworks",
					"@loader_path/Frameworks",
				);
				PRODUCT_BUNDLE_IDENTIFIER = com.3pg.jenkins.CoxAutoTests;
				PRODUCT_NAME = "$(TARGET_NAME)";
				SWIFT_VERSION = 5.0;
				TARGETED_DEVICE_FAMILY = "1,2";
				TEST_HOST = "$(BUILT_PRODUCTS_DIR)/CoxAuto.app/CoxAuto";
			};
			name = Release;
		};
		5D2FE5DC23F29C3400E0CC46 /* Debug */ = {
			isa = XCBuildConfiguration;
			baseConfigurationReference = 7E4375ED5A2812A6F1E4D555 /* Pods-CoxAutoUITests.debug.xcconfig */;
			buildSettings = {
				ALWAYS_EMBED_SWIFT_STANDARD_LIBRARIES = YES;
				CODE_SIGN_STYLE = Automatic;
				DEVELOPMENT_TEAM = 2WBSPNYNKP;
				INFOPLIST_FILE = CoxAutoUITests/Info.plist;
				LD_RUNPATH_SEARCH_PATHS = (
					"$(inherited)",
					"@executable_path/Frameworks",
					"@loader_path/Frameworks",
				);
				PRODUCT_BUNDLE_IDENTIFIER = com.3pg.jenkins.CoxAutoUITests;
				PRODUCT_NAME = "$(TARGET_NAME)";
				SWIFT_VERSION = 5.0;
				TARGETED_DEVICE_FAMILY = "1,2";
				TEST_TARGET_NAME = CoxAuto;
			};
			name = Debug;
		};
		5D2FE5DD23F29C3400E0CC46 /* Release */ = {
			isa = XCBuildConfiguration;
			baseConfigurationReference = 27E06A225BE68D456CDED303 /* Pods-CoxAutoUITests.release.xcconfig */;
			buildSettings = {
				ALWAYS_EMBED_SWIFT_STANDARD_LIBRARIES = YES;
				CODE_SIGN_STYLE = Automatic;
				DEVELOPMENT_TEAM = 2WBSPNYNKP;
				INFOPLIST_FILE = CoxAutoUITests/Info.plist;
				LD_RUNPATH_SEARCH_PATHS = (
					"$(inherited)",
					"@executable_path/Frameworks",
					"@loader_path/Frameworks",
				);
				PRODUCT_BUNDLE_IDENTIFIER = com.3pg.jenkins.CoxAutoUITests;
				PRODUCT_NAME = "$(TARGET_NAME)";
				SWIFT_VERSION = 5.0;
				TARGETED_DEVICE_FAMILY = "1,2";
				TEST_TARGET_NAME = CoxAuto;
			};
			name = Release;
		};
/* End XCBuildConfiguration section */

/* Begin XCConfigurationList section */
		5D2FE5A323F29C3100E0CC46 /* Build configuration list for PBXProject "CoxAuto" */ = {
			isa = XCConfigurationList;
			buildConfigurations = (
				5D2FE5D323F29C3400E0CC46 /* Debug */,
				5D2FE5D423F29C3400E0CC46 /* Release */,
			);
			defaultConfigurationIsVisible = 0;
			defaultConfigurationName = Debug;
		};
		5D2FE5D523F29C3400E0CC46 /* Build configuration list for PBXNativeTarget "CoxAuto" */ = {
			isa = XCConfigurationList;
			buildConfigurations = (
				5D2FE5D623F29C3400E0CC46 /* Debug */,
				5D2FE5D723F29C3400E0CC46 /* Release */,
			);
			defaultConfigurationIsVisible = 0;
			defaultConfigurationName = Debug;
		};
		5D2FE5D823F29C3400E0CC46 /* Build configuration list for PBXNativeTarget "CoxAutoTests" */ = {
			isa = XCConfigurationList;
			buildConfigurations = (
				5D2FE5D923F29C3400E0CC46 /* Debug */,
				5D2FE5DA23F29C3400E0CC46 /* Release */,
			);
			defaultConfigurationIsVisible = 0;
			defaultConfigurationName = Debug;
		};
		5D2FE5DB23F29C3400E0CC46 /* Build configuration list for PBXNativeTarget "CoxAutoUITests" */ = {
			isa = XCConfigurationList;
			buildConfigurations = (
				5D2FE5DC23F29C3400E0CC46 /* Debug */,
				5D2FE5DD23F29C3400E0CC46 /* Release */,
			);
			defaultConfigurationIsVisible = 0;
			defaultConfigurationName = Debug;
		};
/* End XCConfigurationList section */

/* Begin XCVersionGroup section */
		5D2FE5B423F29C3100E0CC46 /* CoxAuto.xcdatamodeld */ = {
			isa = XCVersionGroup;
			children = (
				5D2FE5B523F29C3100E0CC46 /* CoxAuto.xcdatamodel */,
			);
			currentVersion = 5D2FE5B523F29C3100E0CC46 /* CoxAuto.xcdatamodel */;
			path = CoxAuto.xcdatamodeld;
			sourceTree = "<group>";
			versionGroupType = wrapper.xcdatamodel;
		};
/* End XCVersionGroup section */
	};
	rootObject = 5D2FE5A023F29C3100E0CC46 /* Project object */;
}
